{
    "name": "counter",
    "lockfileVersion": 3,
    "requires": true,
    "packages": {
        "": {
            "dependencies": {
                "@upstash/redis": "^1.31.6"
            }
        },
        "node_modules/@upstash/redis": {
            "version": "1.34.0",
            "resolved": "https://registry.npmjs.org/@upstash/redis/-/redis-1.34.0.tgz",
            "integrity": "sha512-TrXNoJLkysIl8SBc4u9bNnyoFYoILpCcFJcLyWCccb/QSUmaVKdvY0m5diZqc3btExsapcMbaw/s/wh9Sf1pJw==",
            "license": "MIT",
            "dependencies": {
                "crypto-js": "^4.2.0"
            }
        },
        "node_modules/crypto-js": {
            "version": "4.2.0",
            "resolved": "https://registry.npmjs.org/crypto-js/-/crypto-js-4.2.0.tgz",
            "integrity": "sha512-KALDyEYgpY+Rlob/iriUtjV6d5Eq+Y191A5g4UqLAi8CyGP9N1+FdVbkc1SxKc2r4YAYqG8JzO2KGL+AizD70Q==",
            "license": "MIT"
        }
    }
}
