{
  "name": "aws-lambda",
  "lockfileVersion": 3,
  "requires": true,
  "packages": {
    "": {
      "dependencies": {
        "@upstash/redis": "latest"
      }
    },
    "node_modules/@upstash/redis": {
      "version": "1.34.1",
      "resolved": "https://registry.npmjs.org/@upstash/redis/-/redis-1.34.1.tgz",
      "integrity": "sha512-mammyRf9BTVTFJmyWyTHb0UL0J74vuQGL5yQIIbqFHVa2NPMB+adOZw5ZqpRQb/0AzzVBCrbok/vzBynQ1abiw==",
      "dependencies": {
        "crypto-js": "^4.2.0"
      }
    },
    "node_modules/crypto-js": {
      "version": "4.2.0",
      "resolved": "https://registry.npmjs.org/crypto-js/-/crypto-js-4.2.0.tgz",
      "integrity": "sha512-KALDyEYgpY+Rlob/iriUtjV6d5Eq+Y191A5g4UqLAi8CyGP9N1+FdVbkc1SxKc2r4YAYqG8JzO2KGL+AizD70Q==",
      "license": "MIT"
    }
  }
}
