{
  "name": "next",
  "requires": true,
  "lockfileVersion": 1,
  "dependencies": {
    "@next/env": {
      "version": "12.1.0",
      "resolved": "https://registry.npmjs.org/@next/env/-/env-12.1.0.tgz",
      "integrity": "sha512-nrIgY6t17FQ9xxwH3jj0a6EOiQ/WDHUos35Hghtr+SWN/ntHIQ7UpuvSi0vaLzZVHQWaDupKI+liO5vANcDeTQ=="
    },
    "@next/swc-android-arm64": {
      "version": "12.1.0",
      "resolved": "https://registry.npmjs.org/@next/swc-android-arm64/-/swc-android-arm64-12.1.0.tgz",
      "integrity": "sha512-/280MLdZe0W03stA69iL+v6I+J1ascrQ6FrXBlXGCsGzrfMaGr7fskMa0T5AhQIVQD4nA/46QQWxG//DYuFBcA==",
      "optional": true
    },
    "@next/swc-darwin-arm64": {
      "version": "12.1.0",
      "resolved": "https://registry.npmjs.org/@next/swc-darwin-arm64/-/swc-darwin-arm64-12.1.0.tgz",
      "integrity": "sha512-R8vcXE2/iONJ1Unf5Ptqjk6LRW3bggH+8drNkkzH4FLEQkHtELhvcmJwkXcuipyQCsIakldAXhRbZmm3YN1vXg==",
      "optional": true
    },
    "@next/swc-darwin-x64": {
      "version": "12.1.0",
      "resolved": "https://registry.npmjs.org/@next/swc-darwin-x64/-/swc-darwin-x64-12.1.0.tgz",
      "integrity": "sha512-ieAz0/J0PhmbZBB8+EA/JGdhRHBogF8BWaeqR7hwveb6SYEIJaDNQy0I+ZN8gF8hLj63bEDxJAs/cEhdnTq+ug==",
      "optional": true
    },
    "@next/swc-linux-arm-gnueabihf": {
      "version": "12.1.0",
      "resolved": "https://registry.npmjs.org/@next/swc-linux-arm-gnueabihf/-/swc-linux-arm-gnueabihf-12.1.0.tgz",
      "integrity": "sha512-njUd9hpl6o6A5d08dC0cKAgXKCzm5fFtgGe6i0eko8IAdtAPbtHxtpre3VeSxdZvuGFh+hb0REySQP9T1ttkog==",
      "optional": true
    },
    "@next/swc-linux-arm64-gnu": {
      "version": "12.1.0",
      "resolved": "https://registry.npmjs.org/@next/swc-linux-arm64-gnu/-/swc-linux-arm64-gnu-12.1.0.tgz",
      "integrity": "sha512-OqangJLkRxVxMhDtcb7Qn1xjzFA3s50EIxY7mljbSCLybU+sByPaWAHY4px97ieOlr2y4S0xdPKkQ3BCAwyo6Q==",
      "optional": true
    },
    "@next/swc-linux-arm64-musl": {
      "version": "12.1.0",
      "resolved": "https://registry.npmjs.org/@next/swc-linux-arm64-musl/-/swc-linux-arm64-musl-12.1.0.tgz",
      "integrity": "sha512-hB8cLSt4GdmOpcwRe2UzI5UWn6HHO/vLkr5OTuNvCJ5xGDwpPXelVkYW/0+C3g5axbDW2Tym4S+MQCkkH9QfWA==",
      "optional": true
    },
    "@next/swc-linux-x64-gnu": {
      "version": "12.1.0",
      "resolved": "https://registry.npmjs.org/@next/swc-linux-x64-gnu/-/swc-linux-x64-gnu-12.1.0.tgz",
      "integrity": "sha512-OKO4R/digvrVuweSw/uBM4nSdyzsBV5EwkUeeG4KVpkIZEe64ZwRpnFB65bC6hGwxIBnTv5NMSnJ+0K/WmG78A==",
      "optional": true
    },
    "@next/swc-linux-x64-musl": {
      "version": "12.1.0",
      "resolved": "https://registry.npmjs.org/@next/swc-linux-x64-musl/-/swc-linux-x64-musl-12.1.0.tgz",
      "integrity": "sha512-JohhgAHZvOD3rQY7tlp7NlmvtvYHBYgY0x5ZCecUT6eCCcl9lv6iV3nfu82ErkxNk1H893fqH0FUpznZ/H3pSw==",
      "optional": true
    },
    "@next/swc-win32-arm64-msvc": {
      "version": "12.1.0",
      "resolved": "https://registry.npmjs.org/@next/swc-win32-arm64-msvc/-/swc-win32-arm64-msvc-12.1.0.tgz",
      "integrity": "sha512-T/3gIE6QEfKIJ4dmJk75v9hhNiYZhQYAoYm4iVo1TgcsuaKLFa+zMPh4056AHiG6n9tn2UQ1CFE8EoybEsqsSw==",
      "optional": true
    },
    "@next/swc-win32-ia32-msvc": {
      "version": "12.1.0",
      "resolved": "https://registry.npmjs.org/@next/swc-win32-ia32-msvc/-/swc-win32-ia32-msvc-12.1.0.tgz",
      "integrity": "sha512-iwnKgHJdqhIW19H9PRPM9j55V6RdcOo6rX+5imx832BCWzkDbyomWnlzBfr6ByUYfhohb8QuH4hSGEikpPqI0Q==",
      "optional": true
    },
    "@next/swc-win32-x64-msvc": {
      "version": "12.1.0",
      "resolved": "https://registry.npmjs.org/@next/swc-win32-x64-msvc/-/swc-win32-x64-msvc-12.1.0.tgz",
      "integrity": "sha512-aBvcbMwuanDH4EMrL2TthNJy+4nP59Bimn8egqv6GHMVj0a44cU6Au4PjOhLNqEh9l+IpRGBqMTzec94UdC5xg==",
      "optional": true
    },
    "@upstash/redis": {
      "version": "file:../..",
      "requires": {
        "isomorphic-fetch": "^3.0.0"
      },
      "dependencies": {
        "@babel/plugin-syntax-typescript": {
          "version": "7.16.7",
          "resolved": "https://registry.npmjs.org/@babel/plugin-syntax-typescript/-/plugin-syntax-typescript-7.16.7.tgz",
          "integrity": "sha512-YhUIJHHGkqPgEcMYkPCKTyGUdoGKWtopIycQyjJH8OjvRgOYsXsaKehLVPScKJWAULPxMa4N1vCe6szREFlZ7A=="
        },
        "@babel/types": {
          "version": "7.13.0",
          "resolved": "https://registry.npmjs.org/@babel/types/-/types-7.13.0.tgz",
          "integrity": "sha512-hE+HE8rnG1Z6Wzo+MhaKE5lM5eMx71T4EHJgku2E3xIfaULhDcxiiRxUYgwX8qwP1BBSlag+TdGOt6JAidIZTA=="
        },
        "@eslint/eslintrc": {
          "version": "1.2.0",
          "resolved": "https://registry.npmjs.org/@eslint/eslintrc/-/eslintrc-1.2.0.tgz",
          "integrity": "sha512-igm9SjJHNEJRiUnecP/1R5T3wKLEJ7pL6e2P+GUSfCd0dGjPYYZve08uzw8L2J8foVHFz+NGu12JxRcU2gGo6w=="
        },
        "@jest/globals": {
          "version": "27.5.1",
          "resolved": "https://registry.npmjs.org/@jest/globals/-/globals-27.5.1.tgz",
          "integrity": "sha512-ZEJNB41OBQQgGzgyInAv0UUfDDj3upmHydjieSxFvTRuZElrx7tXg/uVQ5hYVEwiXs3+aMsAeEc9X7xiSKCm4Q==",
          "requires": {
            "@jest/types": "^27.5.1"
          }
        },
        "@jest/types": {
          "version": "27.5.1",
          "resolved": "https://registry.npmjs.org/@jest/types/-/types-27.5.1.tgz",
          "integrity": "sha512-Cx46iJ9QpwQTjIdq5VJu2QTMMs3QlEjI0x1QbBP5W1+nMzyc2XmimiRR/CbX9TO0cPTeUlxWMOu8mslYsJ8DEw==",
          "requires": {
            "@types/istanbul-lib-coverage": "^2.0.0",
            "@types/istanbul-reports": "^3.0.0",
            "@types/node": "*",
            "@types/yargs": "^16.0.0"
          }
        },
        "@size-limit/preset-small-lib": {
          "version": "7.0.8",
          "resolved": "https://registry.npmjs.org/@size-limit/preset-small-lib/-/preset-small-lib-7.0.8.tgz",
          "integrity": "sha512-CT8nIYA/c2CSD+X4rAUgwqYccQMahJ6rBnaZxvi3YKFdkXIbuGNXHNjHsYaFksgwG9P4UjG/unyO5L73f3zQBw=="
        },
        "@trivago/prettier-plugin-sort-imports": {
          "version": "3.2.0",
          "resolved": "https://registry.npmjs.org/@trivago/prettier-plugin-sort-imports/-/prettier-plugin-sort-imports-3.2.0.tgz",
          "integrity": "sha512-DnwLe+z8t/dZX5xBbYZV1+C5STkyK/P6SSq3Nk6NXlJZsgvDZX2eN4ND7bMFgGV/NL/YChWzcNf6ziGba1ktQQ==",
          "requires": {
            "@babel/types": "7.13.0"
          }
        },
        "@types/babel__core": {
          "version": "7.1.18",
          "resolved": "https://registry.npmjs.org/@types/babel__core/-/babel__core-7.1.18.tgz",
          "integrity": "sha512-S7unDjm/C7z2A2R9NzfKCK1I+BAALDtxEmsJBwlB3EzNfb929ykjL++1CK9LO++EIp2fQrC8O+BwjKvz6UeDyQ==",
          "requires": {
            "@babel/types": "^7.0.0",
            "@types/babel__generator": "*",
            "@types/babel__template": "*",
            "@types/babel__traverse": "*"
          }
        },
        "@types/babel__generator": {
          "version": "7.6.4",
          "resolved": "https://registry.npmjs.org/@types/babel__generator/-/babel__generator-7.6.4.tgz",
          "integrity": "sha512-tFkciB9j2K755yrTALxD44McOrk+gfpIpvC3sxHjRawj6PfnQxrse4Clq5y/Rq+G3mrBurMax/lG8Qn2t9mSsg==",
          "requires": {
            "@babel/types": "^7.0.0"
          }
        },
        "@types/babel__template": {
          "version": "7.4.1",
          "resolved": "https://registry.npmjs.org/@types/babel__template/-/babel__template-7.4.1.tgz",
          "integrity": "sha512-azBFKemX6kMg5Io+/rdGT0dkGreboUVR0Cdm3fz9QJWpaQGJRQXl7C+6hOTCZcMll7KFyEQpgbYI2lHdsS4U7g==",
          "requires": {
            "@babel/types": "^7.0.0"
          }
        },
        "@types/babel__traverse": {
          "version": "7.14.2",
          "resolved": "https://registry.npmjs.org/@types/babel__traverse/-/babel__traverse-7.14.2.tgz",
          "integrity": "sha512-K2waXdXBi2302XUdcHcR1jCeU0LL4TD9HRs/gk0N2Xvrht+G/BfJa4QObBQZfhMdxiCpV3COl5Nfq4uKTeTnJA==",
          "requires": {
            "@babel/types": "^7.3.0"
          }
        },
        "@types/graceful-fs": {
          "version": "4.1.5",
          "resolved": "https://registry.npmjs.org/@types/graceful-fs/-/graceful-fs-4.1.5.tgz",
          "integrity": "sha512-anKkLmZZ+xm4p8JWBf4hElkM4XR+EZeA2M9BAkkTldmcyDY4mbdIJnRghDJH3Ov5ooY7/UAoENtmdMSkaAd7Cw==",
          "requires": {
            "@types/node": "*"
          }
        },
        "@types/istanbul-lib-coverage": {
          "version": "2.0.4",
          "resolved": "https://registry.npmjs.org/@types/istanbul-lib-coverage/-/istanbul-lib-coverage-2.0.4.tgz",
          "integrity": "sha512-z/QT1XN4K4KYuslS23k62yDIDLwLFkzxOuMplDtObz0+y7VqJCaO2o+SPwHCvLFZh7xazvvoor2tA/hPz9ee7g=="
        },
        "@types/istanbul-lib-report": {
          "version": "3.0.0",
          "resolved": "https://registry.npmjs.org/@types/istanbul-lib-report/-/istanbul-lib-report-3.0.0.tgz",
          "integrity": "sha512-plGgXAPfVKFoYfa9NpYDAkseG+g6Jr294RqeqcqDixSbU34MZVJRi/P+7Y8GDpzkEwLaGZZOpKIEmeVZNtKsrg==",
          "requires": {
            "@types/istanbul-lib-coverage": "*"
          }
        },
        "@types/istanbul-reports": {
          "version": "3.0.1",
          "resolved": "https://registry.npmjs.org/@types/istanbul-reports/-/istanbul-reports-3.0.1.tgz",
          "integrity": "sha512-c3mAZEuK0lvBp8tmuL74XRKn1+y2dcwOUpH7x4WrF6gk1GIgiluDRgMYQtw2OFcBvAJWlt6ASU3tSqxp0Uu0Aw==",
          "requires": {
            "@types/istanbul-lib-report": "*"
          }
        },
        "@types/jest": {
          "version": "27.4.1",
          "resolved": "https://registry.npmjs.org/@types/jest/-/jest-27.4.1.tgz",
          "integrity": "sha512-23iPJADSmicDVrWk+HT58LMJtzLAnB2AgIzplQuq/bSrGaxCrlvRFjGbXmamnnk/mAmCdLStiGqggu28ocUyiw=="
        },
        "@types/json-schema": {
          "version": "7.0.9",
          "resolved": "https://registry.npmjs.org/@types/json-schema/-/json-schema-7.0.9.tgz",
          "integrity": "sha512-qcUXuemtEu+E5wZSJHNxUXeCZhAfXKQ41D+duX+VYPde7xyEVZci+/oXKJL13tnRs9lR2pr4fod59GT6/X1/yQ=="
        },
        "@types/node": {
          "version": "17.0.21",
          "resolved": "https://registry.npmjs.org/@types/node/-/node-17.0.21.tgz",
          "integrity": "sha512-DBZCJbhII3r90XbQxI8Y9IjjiiOGlZ0Hr32omXIZvwwZ7p4DMMXGrKXVyPfuoBOri9XNtL0UK69jYIBIsRX3QQ=="
        },
        "@types/prettier": {
          "version": "2.4.4",
          "resolved": "https://registry.npmjs.org/@types/prettier/-/prettier-2.4.4.tgz",
          "integrity": "sha512-ReVR2rLTV1kvtlWFyuot+d1pkpG2Fw/XKE3PDAdj57rbM97ttSp9JZ2UsP+2EHTylra9cUf6JA7tGwW1INzUrA=="
        },
        "@types/stack-utils": {
          "version": "2.0.1",
          "resolved": "https://registry.npmjs.org/@types/stack-utils/-/stack-utils-2.0.1.tgz",
          "integrity": "sha512-Hl219/BT5fLAaz6NDkSuhzasy49dwQS/DSdu4MdggFB8zcXv7vflBI3xp7FEmkmdDkBUI2bPUNeMttp2knYdxw=="
        },
        "@types/yargs": {
          "version": "16.0.4",
          "resolved": "https://registry.npmjs.org/@types/yargs/-/yargs-16.0.4.tgz",
          "integrity": "sha512-T8Yc9wt/5LbJyCaLiHPReJa0kApcIgJ7Bn735GjItUfh08Z1pJvu8QZqb9s+mMvKV6WUQRV7K2R46YbjMXTTJw==",
          "requires": {
            "@types/yargs-parser": "*"
          }
        },
        "@types/yargs-parser": {
          "version": "20.2.1",
          "resolved": "https://registry.npmjs.org/@types/yargs-parser/-/yargs-parser-20.2.1.tgz",
          "integrity": "sha512-7tFImggNeNBVMsn0vLrpn1H1uPrUBdnARPTpZoitY37ZrdJREzf7I16tMrlK3hen349gr1NYh8CmZQa7CTG6Aw=="
        },
        "@typescript-eslint/eslint-plugin": {
          "version": "5.12.1",
          "resolved": "https://registry.npmjs.org/@typescript-eslint/eslint-plugin/-/eslint-plugin-5.12.1.tgz",
          "integrity": "sha512-M499lqa8rnNK7mUv74lSFFttuUsubIRdAbHcVaP93oFcKkEmHmLqy2n7jM9C8DVmFMYK61ExrZU6dLYhQZmUpw==",
          "requires": {
            "@typescript-eslint/scope-manager": "5.12.1",
            "@typescript-eslint/type-utils": "5.12.1",
            "@typescript-eslint/utils": "5.12.1"
          }
        },
        "@typescript-eslint/parser": {
          "version": "5.12.1",
          "resolved": "https://registry.npmjs.org/@typescript-eslint/parser/-/parser-5.12.1.tgz",
          "integrity": "sha512-6LuVUbe7oSdHxUWoX/m40Ni8gsZMKCi31rlawBHt7VtW15iHzjbpj2WLiToG2758KjtCCiLRKZqfrOdl3cNKuw==",
          "requires": {
            "@typescript-eslint/scope-manager": "5.12.1",
            "@typescript-eslint/types": "5.12.1",
            "@typescript-eslint/typescript-estree": "5.12.1"
          }
        },
        "@typescript-eslint/scope-manager": {
          "version": "5.12.1",
          "resolved": "https://registry.npmjs.org/@typescript-eslint/scope-manager/-/scope-manager-5.12.1.tgz",
          "integrity": "sha512-J0Wrh5xS6XNkd4TkOosxdpObzlYfXjAFIm9QxYLCPOcHVv1FyyFCPom66uIh8uBr0sZCrtS+n19tzufhwab8ZQ==",
          "requires": {
            "@typescript-eslint/types": "5.12.1",
            "@typescript-eslint/visitor-keys": "5.12.1"
          }
        },
        "@typescript-eslint/type-utils": {
          "version": "5.12.1",
          "resolved": "https://registry.npmjs.org/@typescript-eslint/type-utils/-/type-utils-5.12.1.tgz",
          "integrity": "sha512-Gh8feEhsNLeCz6aYqynh61Vsdy+tiNNkQtc+bN3IvQvRqHkXGUhYkUi+ePKzP0Mb42se7FDb+y2SypTbpbR/Sg==",
          "requires": {
            "@typescript-eslint/utils": "5.12.1"
          }
        },
        "@typescript-eslint/types": {
          "version": "5.12.1",
          "resolved": "https://registry.npmjs.org/@typescript-eslint/types/-/types-5.12.1.tgz",
          "integrity": "sha512-hfcbq4qVOHV1YRdhkDldhV9NpmmAu2vp6wuFODL71Y0Ixak+FLeEU4rnPxgmZMnGreGEghlEucs9UZn5KOfHJA=="
        },
        "@typescript-eslint/typescript-estree": {
          "version": "5.12.1",
          "resolved": "https://registry.npmjs.org/@typescript-eslint/typescript-estree/-/typescript-estree-5.12.1.tgz",
          "integrity": "sha512-ahOdkIY9Mgbza7L9sIi205Pe1inCkZWAHE1TV1bpxlU4RZNPtXaDZfiiFWcL9jdxvW1hDYZJXrFm+vlMkXRbBw==",
          "requires": {
            "@typescript-eslint/types": "5.12.1",
            "@typescript-eslint/visitor-keys": "5.12.1"
          }
        },
        "@typescript-eslint/utils": {
          "version": "5.12.1",
          "resolved": "https://registry.npmjs.org/@typescript-eslint/utils/-/utils-5.12.1.tgz",
          "integrity": "sha512-Qq9FIuU0EVEsi8fS6pG+uurbhNTtoYr4fq8tKjBupsK5Bgbk2I32UGm0Sh+WOyjOPgo/5URbxxSNV6HYsxV4MQ==",
          "requires": {
            "@types/json-schema": "^7.0.9",
            "@typescript-eslint/scope-manager": "5.12.1",
            "@typescript-eslint/types": "5.12.1",
            "@typescript-eslint/typescript-estree": "5.12.1",
            "eslint-utils": "^3.0.0"
          }
        },
        "@typescript-eslint/visitor-keys": {
          "version": "5.12.1",
          "resolved": "https://registry.npmjs.org/@typescript-eslint/visitor-keys/-/visitor-keys-5.12.1.tgz",
          "integrity": "sha512-l1KSLfupuwrXx6wc0AuOmC7Ko5g14ZOQ86wJJqRbdLbXLK02pK/DPiDDqCc7BqqiiA04/eAA6ayL0bgOrAkH7A==",
          "requires": {
            "@typescript-eslint/types": "5.12.1",
            "eslint-visitor-keys": "^3.0.0"
          }
        },
        "dotenv": {
          "version": "12.0.4",
          "resolved": "https://registry.npmjs.org/dotenv/-/dotenv-12.0.4.tgz",
          "integrity": "sha512-oWdqbSywffzH1l4WXKPHWA0TWYpqp7IyLfqjipT4upoIFS0HPMqtNotykQpD4iIg0BqtNmdgPCh2WMvMt7yTiw=="
        },
        "eslint": {
          "version": "8.10.0",
          "resolved": "https://registry.npmjs.org/eslint/-/eslint-8.10.0.tgz",
          "integrity": "sha512-tcI1D9lfVec+R4LE1mNDnzoJ/f71Kl/9Cv4nG47jOueCMBrCCKYXr4AUVS7go6mWYGFD4+EoN6+eXSrEbRzXVw==",
          "requires": {
            "@eslint/eslintrc": "^1.2.0",
            "eslint-scope": "^7.1.1",
            "eslint-utils": "^3.0.0",
            "eslint-visitor-keys": "^3.3.0"
          }
        },
        "eslint-config-prettier": {
          "version": "8.4.0",
          "resolved": "https://registry.npmjs.org/eslint-config-prettier/-/eslint-config-prettier-8.4.0.tgz",
          "integrity": "sha512-CFotdUcMY18nGRo5KGsnNxpznzhkopOcOo0InID+sgQssPrzjvsyKZPvOgymTFeHrFuC3Tzdf2YndhXtULK9Iw=="
        },
        "eslint-plugin-prettier": {
          "version": "4.0.0",
          "resolved": "https://registry.npmjs.org/eslint-plugin-prettier/-/eslint-plugin-prettier-4.0.0.tgz",
          "integrity": "sha512-98MqmCJ7vJodoQK359bqQWaxOE0CS8paAz/GgjaZLyex4TTk3g9HugoO89EqWCrFiOqn9EVvcoo7gZzONCWVwQ=="
        },
        "eslint-scope": {
          "version": "7.1.1",
          "resolved": "https://registry.npmjs.org/eslint-scope/-/eslint-scope-7.1.1.tgz",
          "integrity": "sha512-QKQM/UXpIiHcLqJ5AOyIW7XZmzjkzQXYE54n1++wb0u9V/abW3l9uQnxX8Z5Xd18xyKIMTUAyQ0k1e8pz6LUrw=="
        },
        "eslint-utils": {
          "version": "3.0.0",
          "resolved": "https://registry.npmjs.org/eslint-utils/-/eslint-utils-3.0.0.tgz",
          "integrity": "sha512-uuQC43IGctw68pJA1RgbQS8/NP7rch6Cwd4j3ZBtgo4/8Flj4eGE7ZYSZRN3iq5pVUv6GPdW5Z1RFleo84uLDA=="
        },
        "eslint-visitor-keys": {
          "version": "3.3.0",
          "resolved": "https://registry.npmjs.org/eslint-visitor-keys/-/eslint-visitor-keys-3.3.0.tgz",
          "integrity": "sha512-mQ+suqKJVyeuwGYHAdjMFqjCyfl8+Ldnxuyp3ldiMBFKkvytrXUZWaiPCEav8qDHKty44bD+qV1IP4T+w+xXRA=="
        },
        "isomorphic-fetch": {
          "version": "3.0.0",
          "resolved": "https://registry.npmjs.org/isomorphic-fetch/-/isomorphic-fetch-3.0.0.tgz",
          "integrity": "sha512-qvUtwJ3j6qwsF3jLxkZ72qCgjMysPzDfeV240JHiGZsANBYd+EEuu35v7dfrJ9Up0Ak07D7GGSkGhCHTqg/5wA==",
          "requires": {
            "node-fetch": "^2.6.1",
            "whatwg-fetch": "^3.4.1"
          }
        },
        "jest": {
          "version": "27.5.1",
          "resolved": "https://registry.npmjs.org/jest/-/jest-27.5.1.tgz",
          "integrity": "sha512-Yn0mADZB89zTtjkPJEXwrac3LHudkQMR+Paqa8uxJHCBr9agxztUifWCyiYrjhMPBoUVBjyny0I7XH6ozDr7QQ=="
        },
        "mime-types": {
          "version": "2.1.34",
          "resolved": "https://registry.npmjs.org/mime-types/-/mime-types-2.1.34.tgz",
          "integrity": "sha512-6cP692WwGIs9XXdOO4++N+7qjqv0rqxxVvJ3VHPh/Sc9mVZcQP+ZGhkKiTvWMQRr2tbHkJP/Yn7Y0npb3ZBs4A=="
        },
        "node-fetch": {
          "version": "2.6.7",
          "resolved": "https://registry.npmjs.org/node-fetch/-/node-fetch-2.6.7.tgz",
          "integrity": "sha512-ZjMPFEfVx5j+y2yF35Kzx5sF7kDzxuDj6ziH4FFbOp87zKDZNx8yExJIb05OGF4Nlt9IHFIMBkRl41VdvcNdbQ==",
          "requires": {
            "whatwg-url": "^5.0.0"
          }
        },
        "prettier": {
          "version": "2.5.1",
          "resolved": "https://registry.npmjs.org/prettier/-/prettier-2.5.1.tgz",
          "integrity": "sha512-vBZcPRUR5MZJwoyi3ZoyQlc1rXeEck8KgeC9AwwOn+exuxLxq5toTRDTSaVrXHxelDMHy9zlicw8u66yxoSUFg=="
        },
        "size-limit": {
          "version": "7.0.8",
          "resolved": "https://registry.npmjs.org/size-limit/-/size-limit-7.0.8.tgz",
          "integrity": "sha512-3h76c9E0e/nNhYLSR7IBI/bSoXICeo7EYkYjlyVqNIsu7KvN/PQmMbIXeyd2QKIF8iZKhaiZQoXLkGWbyPDtvQ=="
        },
        "tr46": {
          "version": "0.0.3",
          "resolved": "https://registry.npmjs.org/tr46/-/tr46-0.0.3.tgz",
          "integrity": "sha1-gYT9NH2snNwYWZLzpmIuFLnZq2o="
        },
        "ts-jest": {
          "version": "27.1.3",
          "resolved": "https://registry.npmjs.org/ts-jest/-/ts-jest-27.1.3.tgz",
          "integrity": "sha512-6Nlura7s6uM9BVUAoqLH7JHyMXjz8gluryjpPXxr3IxZdAXnU6FhjvVLHFtfd1vsE1p8zD1OJfskkc0jhTSnkA=="
        },
        "tsup": {
          "version": "5.11.13",
          "resolved": "https://registry.npmjs.org/tsup/-/tsup-5.11.13.tgz",
          "integrity": "sha512-NVMK01gVmojZn7+iZwxRK1CzW2BIabaVMyEjs7Nm9lm4DrSf7IAqs2F3fg0vT7rH72x1cIBsW9U/TlWrCvHVQQ=="
        },
        "typescript": {
          "version": "4.5.5",
          "resolved": "https://registry.npmjs.org/typescript/-/typescript-4.5.5.tgz",
          "integrity": "sha512-TCTIul70LyWe6IJWT8QSYeA54WQe8EjQFU4wY52Fasj5UKx88LNYKCgBEHcOMOrFF1rKGbD8v/xcNWVUq9SymA=="
        },
        "webidl-conversions": {
          "version": "3.0.1",
          "resolved": "https://registry.npmjs.org/webidl-conversions/-/webidl-conversions-3.0.1.tgz",
          "integrity": "sha1-JFNCdeKnvGvnvIZhHMFq4KVlSHE="
        },
        "whatwg-fetch": {
          "version": "3.6.2",
          "resolved": "https://registry.npmjs.org/whatwg-fetch/-/whatwg-fetch-3.6.2.tgz",
          "integrity": "sha512-bJlen0FcuU/0EMLrdbJ7zOnW6ITZLrZMIarMUVmdKtsGvZna8vxKYaexICWPfZ8qwf9fzNq+UEIZrnSaApt6RA=="
        },
        "whatwg-url": {
          "version": "5.0.0",
          "resolved": "https://registry.npmjs.org/whatwg-url/-/whatwg-url-5.0.0.tgz",
          "integrity": "sha1-lmRU6HZUYuN2RNNib2dCzotwll0=",
          "requires": {
            "tr46": "~0.0.3",
            "webidl-conversions": "^3.0.0"
          }
        }
      }
    },
    "caniuse-lite": {
      "version": "1.0.30001313",
      "resolved": "https://registry.npmjs.org/caniuse-lite/-/caniuse-lite-1.0.30001313.tgz",
      "integrity": "sha512-rI1UN0koZUiKINjysQDuRi2VeSCce3bYJNmDcj3PIKREiAmjakugBul1QSkg/fPrlULYl6oWfGg3PbgOSY9X4Q=="
    },
    "js-tokens": {
      "version": "4.0.0",
      "resolved": "https://registry.npmjs.org/js-tokens/-/js-tokens-4.0.0.tgz",
      "integrity": "sha512-RdJUflcE3cUzKiMqQgsCu06FPu9UdIJO0beYbPhHN4k6apgJtifcoCtT9bcxOpYBtpD2kCM6Sbzg4CausW/PKQ=="
    },
    "loose-envify": {
      "version": "1.4.0",
      "resolved": "https://registry.npmjs.org/loose-envify/-/loose-envify-1.4.0.tgz",
      "integrity": "sha512-lyuxPGr/Wfhrlem2CL/UcnUc1zcqKAImBDzukY7Y5F/yQiNdko6+fRLevlw1HgMySw7f611UIY408EtxRSoK3Q==",
      "requires": {
        "js-tokens": "^3.0.0 || ^4.0.0"
      }
    },
    "nanoid": {
      "version": "3.3.1",
      "resolved": "https://registry.npmjs.org/nanoid/-/nanoid-3.3.1.tgz",
      "integrity": "sha512-n6Vs/3KGyxPQd6uO0eH4Bv0ojGSUvuLlIHtC3Y0kEO23YRge8H9x1GCzLn28YX0H66pMkxuaeESFq4tKISKwdw=="
    },
    "next": {
      "version": "12.1.0",
      "resolved": "https://registry.npmjs.org/next/-/next-12.1.0.tgz",
      "integrity": "sha512-s885kWvnIlxsUFHq9UGyIyLiuD0G3BUC/xrH0CEnH5lHEWkwQcHOORgbDF0hbrW9vr/7am4ETfX4A7M6DjrE7Q==",
      "requires": {
        "@next/env": "12.1.0",
        "@next/swc-android-arm64": "12.1.0",
        "@next/swc-darwin-arm64": "12.1.0",
        "@next/swc-darwin-x64": "12.1.0",
        "@next/swc-linux-arm-gnueabihf": "12.1.0",
        "@next/swc-linux-arm64-gnu": "12.1.0",
        "@next/swc-linux-arm64-musl": "12.1.0",
        "@next/swc-linux-x64-gnu": "12.1.0",
        "@next/swc-linux-x64-musl": "12.1.0",
        "@next/swc-win32-arm64-msvc": "12.1.0",
        "@next/swc-win32-ia32-msvc": "12.1.0",
        "@next/swc-win32-x64-msvc": "12.1.0",
        "caniuse-lite": "^1.0.30001283",
        "postcss": "8.4.5",
        "styled-jsx": "5.0.0",
        "use-subscription": "1.5.1"
      }
    },
    "object-assign": {
      "version": "4.1.1",
      "resolved": "https://registry.npmjs.org/object-assign/-/object-assign-4.1.1.tgz",
      "integrity": "sha1-IQmtx5ZYh8/AXLvUQsrIv7s2CGM="
    },
    "picocolors": {
      "version": "1.0.0",
      "resolved": "https://registry.npmjs.org/picocolors/-/picocolors-1.0.0.tgz",
      "integrity": "sha512-1fygroTLlHu66zi26VoTDv8yRgm0Fccecssto+MhsZ0D/DGW2sm8E8AjW7NU5VVTRt5GxbeZ5qBuJr+HyLYkjQ=="
    },
    "postcss": {
      "version": "8.4.5",
      "resolved": "https://registry.npmjs.org/postcss/-/postcss-8.4.5.tgz",
      "integrity": "sha512-jBDboWM8qpaqwkMwItqTQTiFikhs/67OYVvblFFTM7MrZjt6yMKd6r2kgXizEbTTljacm4NldIlZnhbjr84QYg==",
      "requires": {
        "nanoid": "^3.1.30",
        "picocolors": "^1.0.0",
        "source-map-js": "^1.0.1"
      }
    },
    "react": {
      "version": "17.0.2",
      "resolved": "https://registry.npmjs.org/react/-/react-17.0.2.tgz",
      "integrity": "sha512-gnhPt75i/dq/z3/6q/0asP78D0u592D5L1pd7M8P+dck6Fu/jJeL6iVVK23fptSUZj8Vjf++7wXA8UNclGQcbA==",
      "requires": {
        "loose-envify": "^1.1.0",
        "object-assign": "^4.1.1"
      }
    },
    "react-dom": {
      "version": "17.0.2",
      "resolved": "https://registry.npmjs.org/react-dom/-/react-dom-17.0.2.tgz",
      "integrity": "sha512-s4h96KtLDUQlsENhMn1ar8t2bEa+q/YAtj8pPPdIjPDGBDIVNsrD9aXNWqspUe6AzKCIG0C1HZZLqLV7qpOBGA==",
      "requires": {
        "loose-envify": "^1.1.0",
        "object-assign": "^4.1.1",
        "scheduler": "^0.20.2"
      }
    },
    "scheduler": {
      "version": "0.20.2",
      "resolved": "https://registry.npmjs.org/scheduler/-/scheduler-0.20.2.tgz",
      "integrity": "sha512-2eWfGgAqqWFGqtdMmcL5zCMK1U8KlXv8SQFGglL3CEtd0aDVDWgeF/YoCmvln55m5zSk3J/20hTaSBeSObsQDQ==",
      "requires": {
        "loose-envify": "^1.1.0",
        "object-assign": "^4.1.1"
      }
    },
    "source-map-js": {
      "version": "1.0.2",
      "resolved": "https://registry.npmjs.org/source-map-js/-/source-map-js-1.0.2.tgz",
      "integrity": "sha512-R0XvVJ9WusLiqTCEiGCmICCMplcCkIwwR11mOSD9CR5u+IXYdiseeEuXCVAjS54zqwkLcPNnmU4OeJ6tUrWhDw=="
    },
    "styled-jsx": {
      "version": "5.0.0",
      "resolved": "https://registry.npmjs.org/styled-jsx/-/styled-jsx-5.0.0.tgz",
      "integrity": "sha512-qUqsWoBquEdERe10EW8vLp3jT25s/ssG1/qX5gZ4wu15OZpmSMFI2v+fWlRhLfykA5rFtlJ1ME8A8pm/peV4WA=="
    },
    "use-subscription": {
      "version": "1.5.1",
      "resolved": "https://registry.npmjs.org/use-subscription/-/use-subscription-1.5.1.tgz",
      "integrity": "sha512-Xv2a1P/yReAjAbhylMfFplFKj9GssgTwN7RlcTxBujFQcloStWNDQdc4g4NRWH9xS4i/FDk04vQBptAXoF3VcA==",
      "requires": {
        "object-assign": "^4.1.1"
      }
    }
  }
}
