{
  "name": "workers-with-redis",
  "version": "1.0.0",
  "lockfileVersion": 1,
  "requires": true,
  "dependencies": {
    "@upstash/redis": {
      "version": "file:../..",
      "requires": {
        "isomorphic-fetch": "^3.0.0"
      },
      "dependencies": {
        "@babel/.ignored_plugin-syntax-typescript": {
          "version": "7.16.7",
          "resolved": "https://registry.npmjs.org/@babel/plugin-syntax-typescript/-/plugin-syntax-typescript-7.16.7.tgz",
          "integrity": "sha512-YhUIJHHGkqPgEcMYkPCKTyGUdoGKWtopIycQyjJH8OjvRgOYsXsaKehLVPScKJWAULPxMa4N1vCe6szREFlZ7A=="
        },
        "@babel/.ignored_types": {
          "version": "7.13.0",
          "resolved": "https://registry.npmjs.org/@babel/types/-/types-7.13.0.tgz",
          "integrity": "sha512-hE+HE8rnG1Z6Wzo+MhaKE5lM5eMx71T4EHJgku2E3xIfaULhDcxiiRxUYgwX8qwP1BBSlag+TdGOt6JAidIZTA=="
        },
        "@babel/plugin-syntax-typescript": {
          "version": "7.16.7"
        },
        "@babel/types": {
          "version": "7.13.0"
        },
        "@eslint/.ignored_eslintrc": {
          "version": "1.2.0",
          "resolved": "https://registry.npmjs.org/@eslint/eslintrc/-/eslintrc-1.2.0.tgz",
          "integrity": "sha512-igm9SjJHNEJRiUnecP/1R5T3wKLEJ7pL6e2P+GUSfCd0dGjPYYZve08uzw8L2J8foVHFz+NGu12JxRcU2gGo6w=="
        },
        "@eslint/eslintrc": {
          "version": "1.2.0"
        },
        "@jest/.ignored_globals": {
          "version": "27.5.1",
          "resolved": "https://registry.npmjs.org/@jest/globals/-/globals-27.5.1.tgz",
          "integrity": "sha512-ZEJNB41OBQQgGzgyInAv0UUfDDj3upmHydjieSxFvTRuZElrx7tXg/uVQ5hYVEwiXs3+aMsAeEc9X7xiSKCm4Q==",
          "requires": {
            "@jest/types": "^27.5.1"
          }
        },
        "@jest/.ignored_types": {
          "version": "27.5.1",
          "resolved": "https://registry.npmjs.org/@jest/types/-/types-27.5.1.tgz",
          "integrity": "sha512-Cx46iJ9QpwQTjIdq5VJu2QTMMs3QlEjI0x1QbBP5W1+nMzyc2XmimiRR/CbX9TO0cPTeUlxWMOu8mslYsJ8DEw==",
          "requires": {
            "@types/istanbul-lib-coverage": "^2.0.0",
            "@types/istanbul-reports": "^3.0.0",
            "@types/node": "*",
            "@types/yargs": "^16.0.0"
          }
        },
        "@jest/globals": {
          "version": "27.5.1",
          "requires": {
            "@jest/types": "^27.5.1"
          }
        },
        "@jest/types": {
          "version": "27.5.1",
          "requires": {
            "@types/istanbul-lib-coverage": "^2.0.0",
            "@types/istanbul-reports": "^3.0.0",
            "@types/node": "*",
            "@types/yargs": "^16.0.0"
          }
        },
        "@size-limit/.ignored_preset-small-lib": {
          "version": "7.0.8",
          "resolved": "https://registry.npmjs.org/@size-limit/preset-small-lib/-/preset-small-lib-7.0.8.tgz",
          "integrity": "sha512-CT8nIYA/c2CSD+X4rAUgwqYccQMahJ6rBnaZxvi3YKFdkXIbuGNXHNjHsYaFksgwG9P4UjG/unyO5L73f3zQBw=="
        },
        "@size-limit/preset-small-lib": {
          "version": "7.0.8"
        },
        "@trivago/.ignored_prettier-plugin-sort-imports": {
          "version": "3.2.0",
          "resolved": "https://registry.npmjs.org/@trivago/prettier-plugin-sort-imports/-/prettier-plugin-sort-imports-3.2.0.tgz",
          "integrity": "sha512-DnwLe+z8t/dZX5xBbYZV1+C5STkyK/P6SSq3Nk6NXlJZsgvDZX2eN4ND7bMFgGV/NL/YChWzcNf6ziGba1ktQQ==",
          "requires": {
            "@babel/types": "7.13.0"
          }
        },
        "@trivago/prettier-plugin-sort-imports": {
          "version": "3.2.0",
          "requires": {
            "@babel/types": "7.13.0"
          }
        },
        "@types/.ignored_babel__core": {
          "version": "7.1.18",
          "resolved": "https://registry.npmjs.org/@types/babel__core/-/babel__core-7.1.18.tgz",
          "integrity": "sha512-S7unDjm/C7z2A2R9NzfKCK1I+BAALDtxEmsJBwlB3EzNfb929ykjL++1CK9LO++EIp2fQrC8O+BwjKvz6UeDyQ==",
          "requires": {
            "@babel/types": "^7.0.0",
            "@types/babel__generator": "*",
            "@types/babel__template": "*",
            "@types/babel__traverse": "*"
          }
        },
        "@types/.ignored_babel__generator": {
          "version": "7.6.4",
          "resolved": "https://registry.npmjs.org/@types/babel__generator/-/babel__generator-7.6.4.tgz",
          "integrity": "sha512-tFkciB9j2K755yrTALxD44McOrk+gfpIpvC3sxHjRawj6PfnQxrse4Clq5y/Rq+G3mrBurMax/lG8Qn2t9mSsg==",
          "requires": {
            "@babel/types": "^7.0.0"
          }
        },
        "@types/.ignored_babel__template": {
          "version": "7.4.1",
          "resolved": "https://registry.npmjs.org/@types/babel__template/-/babel__template-7.4.1.tgz",
          "integrity": "sha512-azBFKemX6kMg5Io+/rdGT0dkGreboUVR0Cdm3fz9QJWpaQGJRQXl7C+6hOTCZcMll7KFyEQpgbYI2lHdsS4U7g==",
          "requires": {
            "@babel/types": "^7.0.0"
          }
        },
        "@types/.ignored_babel__traverse": {
          "version": "7.14.2",
          "resolved": "https://registry.npmjs.org/@types/babel__traverse/-/babel__traverse-7.14.2.tgz",
          "integrity": "sha512-K2waXdXBi2302XUdcHcR1jCeU0LL4TD9HRs/gk0N2Xvrht+G/BfJa4QObBQZfhMdxiCpV3COl5Nfq4uKTeTnJA==",
          "requires": {
            "@babel/types": "^7.3.0"
          }
        },
        "@types/.ignored_graceful-fs": {
          "version": "4.1.5",
          "resolved": "https://registry.npmjs.org/@types/graceful-fs/-/graceful-fs-4.1.5.tgz",
          "integrity": "sha512-anKkLmZZ+xm4p8JWBf4hElkM4XR+EZeA2M9BAkkTldmcyDY4mbdIJnRghDJH3Ov5ooY7/UAoENtmdMSkaAd7Cw==",
          "requires": {
            "@types/node": "*"
          }
        },
        "@types/.ignored_istanbul-lib-coverage": {
          "version": "2.0.4",
          "resolved": "https://registry.npmjs.org/@types/istanbul-lib-coverage/-/istanbul-lib-coverage-2.0.4.tgz",
          "integrity": "sha512-z/QT1XN4K4KYuslS23k62yDIDLwLFkzxOuMplDtObz0+y7VqJCaO2o+SPwHCvLFZh7xazvvoor2tA/hPz9ee7g=="
        },
        "@types/.ignored_istanbul-lib-report": {
          "version": "3.0.0",
          "resolved": "https://registry.npmjs.org/@types/istanbul-lib-report/-/istanbul-lib-report-3.0.0.tgz",
          "integrity": "sha512-plGgXAPfVKFoYfa9NpYDAkseG+g6Jr294RqeqcqDixSbU34MZVJRi/P+7Y8GDpzkEwLaGZZOpKIEmeVZNtKsrg==",
          "requires": {
            "@types/istanbul-lib-coverage": "*"
          }
        },
        "@types/.ignored_istanbul-reports": {
          "version": "3.0.1",
          "resolved": "https://registry.npmjs.org/@types/istanbul-reports/-/istanbul-reports-3.0.1.tgz",
          "integrity": "sha512-c3mAZEuK0lvBp8tmuL74XRKn1+y2dcwOUpH7x4WrF6gk1GIgiluDRgMYQtw2OFcBvAJWlt6ASU3tSqxp0Uu0Aw==",
          "requires": {
            "@types/istanbul-lib-report": "*"
          }
        },
        "@types/.ignored_jest": {
          "version": "27.4.1",
          "resolved": "https://registry.npmjs.org/@types/jest/-/jest-27.4.1.tgz",
          "integrity": "sha512-23iPJADSmicDVrWk+HT58LMJtzLAnB2AgIzplQuq/bSrGaxCrlvRFjGbXmamnnk/mAmCdLStiGqggu28ocUyiw=="
        },
        "@types/.ignored_json-schema": {
          "version": "7.0.9",
          "resolved": "https://registry.npmjs.org/@types/json-schema/-/json-schema-7.0.9.tgz",
          "integrity": "sha512-qcUXuemtEu+E5wZSJHNxUXeCZhAfXKQ41D+duX+VYPde7xyEVZci+/oXKJL13tnRs9lR2pr4fod59GT6/X1/yQ=="
        },
        "@types/.ignored_node": {
          "version": "17.0.21",
          "resolved": "https://registry.npmjs.org/@types/node/-/node-17.0.21.tgz",
          "integrity": "sha512-DBZCJbhII3r90XbQxI8Y9IjjiiOGlZ0Hr32omXIZvwwZ7p4DMMXGrKXVyPfuoBOri9XNtL0UK69jYIBIsRX3QQ=="
        },
        "@types/.ignored_prettier": {
          "version": "2.4.4",
          "resolved": "https://registry.npmjs.org/@types/prettier/-/prettier-2.4.4.tgz",
          "integrity": "sha512-ReVR2rLTV1kvtlWFyuot+d1pkpG2Fw/XKE3PDAdj57rbM97ttSp9JZ2UsP+2EHTylra9cUf6JA7tGwW1INzUrA=="
        },
        "@types/.ignored_stack-utils": {
          "version": "2.0.1",
          "resolved": "https://registry.npmjs.org/@types/stack-utils/-/stack-utils-2.0.1.tgz",
          "integrity": "sha512-Hl219/BT5fLAaz6NDkSuhzasy49dwQS/DSdu4MdggFB8zcXv7vflBI3xp7FEmkmdDkBUI2bPUNeMttp2knYdxw=="
        },
        "@types/.ignored_yargs": {
          "version": "16.0.4",
          "resolved": "https://registry.npmjs.org/@types/yargs/-/yargs-16.0.4.tgz",
          "integrity": "sha512-T8Yc9wt/5LbJyCaLiHPReJa0kApcIgJ7Bn735GjItUfh08Z1pJvu8QZqb9s+mMvKV6WUQRV7K2R46YbjMXTTJw==",
          "requires": {
            "@types/yargs-parser": "*"
          }
        },
        "@types/.ignored_yargs-parser": {
          "version": "20.2.1",
          "resolved": "https://registry.npmjs.org/@types/yargs-parser/-/yargs-parser-20.2.1.tgz",
          "integrity": "sha512-7tFImggNeNBVMsn0vLrpn1H1uPrUBdnARPTpZoitY37ZrdJREzf7I16tMrlK3hen349gr1NYh8CmZQa7CTG6Aw=="
        },
        "@types/babel__core": {
          "version": "7.1.18",
          "requires": {
            "@babel/types": "^7.0.0",
            "@types/babel__generator": "*",
            "@types/babel__template": "*",
            "@types/babel__traverse": "*"
          }
        },
        "@types/babel__generator": {
          "version": "7.6.4",
          "requires": {
            "@babel/types": "^7.0.0"
          }
        },
        "@types/babel__template": {
          "version": "7.4.1",
          "requires": {
            "@babel/types": "^7.0.0"
          }
        },
        "@types/babel__traverse": {
          "version": "7.14.2",
          "requires": {
            "@babel/types": "^7.3.0"
          }
        },
        "@types/graceful-fs": {
          "version": "4.1.5",
          "requires": {
            "@types/node": "*"
          }
        },
        "@types/istanbul-lib-coverage": {
          "version": "2.0.4"
        },
        "@types/istanbul-lib-report": {
          "version": "3.0.0",
          "requires": {
            "@types/istanbul-lib-coverage": "*"
          }
        },
        "@types/istanbul-reports": {
          "version": "3.0.1",
          "requires": {
            "@types/istanbul-lib-report": "*"
          }
        },
        "@types/jest": {
          "version": "27.4.1"
        },
        "@types/json-schema": {
          "version": "7.0.9"
        },
        "@types/node": {
          "version": "17.0.21"
        },
        "@types/prettier": {
          "version": "2.4.4"
        },
        "@types/stack-utils": {
          "version": "2.0.1"
        },
        "@types/yargs": {
          "version": "16.0.4",
          "requires": {
            "@types/yargs-parser": "*"
          }
        },
        "@types/yargs-parser": {
          "version": "21.0.0"
        },
        "@typescript-eslint/.ignored_eslint-plugin": {
          "version": "5.12.1",
          "resolved": "https://registry.npmjs.org/@typescript-eslint/eslint-plugin/-/eslint-plugin-5.12.1.tgz",
          "integrity": "sha512-M499lqa8rnNK7mUv74lSFFttuUsubIRdAbHcVaP93oFcKkEmHmLqy2n7jM9C8DVmFMYK61ExrZU6dLYhQZmUpw=="
        },
        "@typescript-eslint/.ignored_parser": {
          "version": "5.12.1",
          "resolved": "https://registry.npmjs.org/@typescript-eslint/parser/-/parser-5.12.1.tgz",
          "integrity": "sha512-6LuVUbe7oSdHxUWoX/m40Ni8gsZMKCi31rlawBHt7VtW15iHzjbpj2WLiToG2758KjtCCiLRKZqfrOdl3cNKuw=="
        },
        "@typescript-eslint/.ignored_scope-manager": {
          "version": "5.12.1",
          "resolved": "https://registry.npmjs.org/@typescript-eslint/scope-manager/-/scope-manager-5.12.1.tgz",
          "integrity": "sha512-J0Wrh5xS6XNkd4TkOosxdpObzlYfXjAFIm9QxYLCPOcHVv1FyyFCPom66uIh8uBr0sZCrtS+n19tzufhwab8ZQ=="
        },
        "@typescript-eslint/.ignored_type-utils": {
          "version": "5.12.1",
          "resolved": "https://registry.npmjs.org/@typescript-eslint/type-utils/-/type-utils-5.12.1.tgz",
          "integrity": "sha512-Gh8feEhsNLeCz6aYqynh61Vsdy+tiNNkQtc+bN3IvQvRqHkXGUhYkUi+ePKzP0Mb42se7FDb+y2SypTbpbR/Sg=="
        },
        "@typescript-eslint/.ignored_types": {
          "version": "5.12.1",
          "resolved": "https://registry.npmjs.org/@typescript-eslint/types/-/types-5.12.1.tgz",
          "integrity": "sha512-hfcbq4qVOHV1YRdhkDldhV9NpmmAu2vp6wuFODL71Y0Ixak+FLeEU4rnPxgmZMnGreGEghlEucs9UZn5KOfHJA=="
        },
        "@typescript-eslint/.ignored_typescript-estree": {
          "version": "5.12.1",
          "resolved": "https://registry.npmjs.org/@typescript-eslint/typescript-estree/-/typescript-estree-5.12.1.tgz",
          "integrity": "sha512-ahOdkIY9Mgbza7L9sIi205Pe1inCkZWAHE1TV1bpxlU4RZNPtXaDZfiiFWcL9jdxvW1hDYZJXrFm+vlMkXRbBw=="
        },
        "@typescript-eslint/.ignored_utils": {
          "version": "5.12.1",
          "resolved": "https://registry.npmjs.org/@typescript-eslint/utils/-/utils-5.12.1.tgz",
          "integrity": "sha512-Qq9FIuU0EVEsi8fS6pG+uurbhNTtoYr4fq8tKjBupsK5Bgbk2I32UGm0Sh+WOyjOPgo/5URbxxSNV6HYsxV4MQ==",
          "requires": {
            "@types/json-schema": "^7.0.9",
            "eslint-utils": "^3.0.0"
          }
        },
        "@typescript-eslint/.ignored_visitor-keys": {
          "version": "5.12.1",
          "resolved": "https://registry.npmjs.org/@typescript-eslint/visitor-keys/-/visitor-keys-5.12.1.tgz",
          "integrity": "sha512-l1KSLfupuwrXx6wc0AuOmC7Ko5g14ZOQ86wJJqRbdLbXLK02pK/DPiDDqCc7BqqiiA04/eAA6ayL0bgOrAkH7A==",
          "requires": {
            "eslint-visitor-keys": "^3.0.0"
          }
        },
        "@typescript-eslint/eslint-plugin": {
          "version": "5.13.0",
          "requires": {
            "@typescript-eslint/scope-manager": "5.13.0",
            "@typescript-eslint/type-utils": "5.13.0",
            "@typescript-eslint/utils": "5.13.0"
          }
        },
        "@typescript-eslint/parser": {
          "version": "5.13.0",
          "requires": {
            "@typescript-eslint/scope-manager": "5.13.0",
            "@typescript-eslint/types": "5.13.0",
            "@typescript-eslint/typescript-estree": "5.13.0"
          }
        },
        "@typescript-eslint/scope-manager": {
          "version": "5.13.0",
          "requires": {
            "@typescript-eslint/types": "5.13.0",
            "@typescript-eslint/visitor-keys": "5.13.0"
          }
        },
        "@typescript-eslint/type-utils": {
          "version": "5.13.0",
          "requires": {
            "@typescript-eslint/utils": "5.13.0"
          }
        },
        "@typescript-eslint/types": {
          "version": "5.13.0"
        },
        "@typescript-eslint/typescript-estree": {
          "version": "5.13.0",
          "requires": {
            "@typescript-eslint/types": "5.13.0",
            "@typescript-eslint/visitor-keys": "5.13.0"
          }
        },
        "@typescript-eslint/utils": {
          "version": "5.13.0",
          "requires": {
            "@types/json-schema": "^7.0.9",
            "@typescript-eslint/scope-manager": "5.13.0",
            "@typescript-eslint/types": "5.13.0",
            "@typescript-eslint/typescript-estree": "5.13.0",
            "eslint-utils": "^3.0.0"
          }
        },
        "@typescript-eslint/visitor-keys": {
          "version": "5.13.0",
          "requires": {
            "@typescript-eslint/types": "5.13.0",
            "eslint-visitor-keys": "^3.0.0"
          }
        },
        "dotenv": {
          "version": "12.0.4"
        },
        "eslint": {
          "version": "8.10.0",
          "requires": {
            "@eslint/eslintrc": "^1.2.0",
            "eslint-scope": "^7.1.1",
            "eslint-utils": "^3.0.0",
            "eslint-visitor-keys": "^3.3.0"
          }
        },
        "eslint-config-prettier": {
          "version": "8.5.0"
        },
        "eslint-plugin-prettier": {
          "version": "4.0.0"
        },
        "eslint-scope": {
          "version": "7.1.1"
        },
        "eslint-utils": {
          "version": "3.0.0"
        },
        "eslint-visitor-keys": {
          "version": "3.3.0"
        },
        "isomorphic-fetch": {
          "version": "3.0.0",
          "requires": {
            "node-fetch": "^2.6.1",
            "whatwg-fetch": "^3.4.1"
          }
        },
        "jest": {
          "version": "27.5.1"
        },
        "mime-types": {
          "version": "2.1.34"
        },
        "node-fetch": {
          "version": "2.6.7",
          "resolved": "https://registry.npmjs.org/node-fetch/-/node-fetch-2.6.7.tgz",
          "integrity": "sha512-ZjMPFEfVx5j+y2yF35Kzx5sF7kDzxuDj6ziH4FFbOp87zKDZNx8yExJIb05OGF4Nlt9IHFIMBkRl41VdvcNdbQ==",
          "requires": {
            "whatwg-url": "^5.0.0"
          }
        },
        "prettier": {
          "version": "2.5.1"
        },
        "size-limit": {
          "version": "7.0.8"
        },
        "tr46": {
          "version": "0.0.3",
          "resolved": "https://registry.npmjs.org/tr46/-/tr46-0.0.3.tgz",
          "integrity": "sha1-gYT9NH2snNwYWZLzpmIuFLnZq2o="
        },
        "ts-jest": {
          "version": "27.1.3"
        },
        "tsup": {
          "version": "5.11.13"
        },
        "typescript": {
          "version": "4.6.2"
        },
        "webidl-conversions": {
          "version": "3.0.1",
          "resolved": "https://registry.npmjs.org/webidl-conversions/-/webidl-conversions-3.0.1.tgz",
          "integrity": "sha1-JFNCdeKnvGvnvIZhHMFq4KVlSHE="
        },
        "whatwg-fetch": {
          "version": "3.6.2",
          "resolved": "https://registry.npmjs.org/whatwg-fetch/-/whatwg-fetch-3.6.2.tgz",
          "integrity": "sha512-bJlen0FcuU/0EMLrdbJ7zOnW6ITZLrZMIarMUVmdKtsGvZna8vxKYaexICWPfZ8qwf9fzNq+UEIZrnSaApt6RA=="
        },
        "whatwg-url": {
          "version": "5.0.0",
          "resolved": "https://registry.npmjs.org/whatwg-url/-/whatwg-url-5.0.0.tgz",
          "integrity": "sha1-lmRU6HZUYuN2RNNib2dCzotwll0=",
          "requires": {
            "tr46": "~0.0.3",
            "webidl-conversions": "^3.0.0"
          }
        }
      }
    },
    "prettier": {
      "version": "1.19.1",
      "resolved": "https://registry.npmjs.org/prettier/-/prettier-1.19.1.tgz",
      "integrity": "sha512-s7PoyDv/II1ObgQunCbB9PdLmUcBZcnWOcxDh7O0N/UwDEsHyqkW+Qh28jW+mVuCdx7gLB0BotYI1Y6uI9iyew==",
      "dev": true
    }
  }
}
