{
  "name": "nodejs",
  "version": "1.0.0",
  "lockfileVersion": 2,
  "requires": true,
  "packages": {
    "": {
      "name": "nodejs",
      "version": "1.0.0",
      "license": "MIT",
      "dependencies": {
        "@upstash/redis": "file:../..",
        "dotenv": "^10.0.0"
      }
    },
    "../..": {
      "name": "@upstash/redis",
      "version": "0.1.4",
      "license": "MIT",
      "dependencies": {
        "isomorphic-unfetch": "^3.1.0"
      },
      "devDependencies": {
        "@size-limit/preset-small-lib": "^6.0.4",
        "@types/jest": "^27.0.2",
        "@types/node-fetch": "^2.5.12",
        "dotenv": "^10.0.0",
        "jest": "^27.3.1",
        "nanoid": "^3.1.30",
        "npm-run-all": "^4.1.5",
        "prettier": "^2.3.2",
        "rimraf": "^3.0.2",
        "size-limit": "^6.0.4",
        "ts-jest": "^27.0.7",
        "ts-loader": "^9.2.6",
        "typescript": "^4.5.2",
        "webpack": "^5.64.1",
        "webpack-cli": "^4.9.1"
      },
      "engines": {
        "node": ">=10"
      }
    },
    "node_modules/@upstash/redis": {
      "resolved": "../..",
      "link": true
    },
    "node_modules/dotenv": {
      "version": "10.0.0",
      "resolved": "https://registry.npmjs.org/dotenv/-/dotenv-10.0.0.tgz",
      "integrity": "sha512-rlBi9d8jpv9Sf1klPjNfFAuWDjKLwTIJJ/VxtoTwIR6hnZxcEOQCZg2oIL3MWBYw5GpUDKOEnND7LXTbIpQ03Q==",
      "engines": {
        "node": ">=10"
      }
    }
  },
  "dependencies": {
    "@upstash/redis": {
      "version": "file:../..",
      "requires": {
        "@size-limit/preset-small-lib": "^6.0.4",
        "@types/jest": "^27.0.2",
        "@types/node-fetch": "^2.5.12",
        "dotenv": "^10.0.0",
        "isomorphic-unfetch": "^3.1.0",
        "jest": "^27.3.1",
        "nanoid": "^3.1.30",
        "npm-run-all": "^4.1.5",
        "prettier": "^2.3.2",
        "rimraf": "^3.0.2",
        "size-limit": "^6.0.4",
        "ts-jest": "^27.0.7",
        "ts-loader": "^9.2.6",
        "typescript": "^4.5.2",
        "webpack": "^5.64.1",
        "webpack-cli": "^4.9.1"
      }
    },
    "dotenv": {
      "version": "10.0.0",
      "resolved": "https://registry.npmjs.org/dotenv/-/dotenv-10.0.0.tgz",
      "integrity": "sha512-rlBi9d8jpv9Sf1klPjNfFAuWDjKLwTIJJ/VxtoTwIR6hnZxcEOQCZg2oIL3MWBYw5GpUDKOEnND7LXTbIpQ03Q=="
    }
  }
}
